{
  "name": "bookn-app",
  "version": "1.0.0",
  "lockfileVersion": 3,
  "requires": true,
  "packages": {
    "": {
      "name": "bookn-app",
      "version": "1.0.0",
      "license": "ISC",
      "dependencies": {
        "@capacitor/core": "^8.2.0",
        "@capacitor/ios": "^8.2.0",
        "@capacitor/push-notifications": "^8.0.2",
        "@capacitor/splash-screen": "^8.0.1",
        "@capacitor/status-bar": "^8.0.1"
      },
      "devDependencies": {
        "typescript": "^5.9.3"
      }
    },
    "node_modules/@capacitor/core": {
      "version": "8.2.0",
      "resolved": "https://registry.npmjs.org/@capacitor/core/-/core-8.2.0.tgz",
      "integrity": "sha512-oKaoNeNtH2iIZMDFVrb1atoyRECDGHcfLMunJ5KWN8DtvpVBeeA4c41e20NTuhMxw1cSYbpq2PV2hb+/9CJxlQ==",
      "license": "MIT",
      "dependencies": {
        "tslib": "^2.1.0"
      }
    },
    "node_modules/@capacitor/ios": {
      "version": "8.2.0",
      "resolved": "https://registry.npmjs.org/@capacitor/ios/-/ios-8.2.0.tgz",
      "integrity": "sha512-X2/VtM4qP/R1SM0VQ5W/VotEc6PS/KTooD33EijsfAHWBdee+xmBapW8SeNLnu16wJ+tsfWlvtipaJEyfKbRKQ==",
      "license": "MIT",
      "peerDependencies": {
        "@capacitor/core": "^8.2.0"
      }
    },
    "node_modules/@capacitor/push-notifications": {
      "version": "8.0.2",
      "resolved": "https://registry.npmjs.org/@capacitor/push-notifications/-/push-notifications-8.0.2.tgz",
      "integrity": "sha512-mej8Eh4EU4JXbaeyMX2l+4NNK6IdY5iRsEXpBOTHLD29fuCACBP7kOJTiJv6piw134zdlbFH0rR+sDKHIiFOFg==",
      "license": "MIT",
      "peerDependencies": {
        "@capacitor/core": ">=8.0.0"
      }
    },
    "node_modules/@capacitor/splash-screen": {
      "version": "8.0.1",
      "resolved": "https://registry.npmjs.org/@capacitor/splash-screen/-/splash-screen-8.0.1.tgz",
      "integrity": "sha512-c/ew/Z3eA7z8l06WoRAtzVF16VwYYrExmHmfGq1Cg675pVzaC/yuucB8/1xG1vhEfnW4fZ1KhSf/kzR1RiVYgg==",
      "license": "MIT",
      "peerDependencies": {
        "@capacitor/core": ">=8.0.0"
      }
    },
    "node_modules/@capacitor/status-bar": {
      "version": "8.0.1",
      "resolved": "https://registry.npmjs.org/@capacitor/status-bar/-/status-bar-8.0.1.tgz",
      "integrity": "sha512-OR59dlbwvmrV5dKsC9lvwv48QaGbqcbSTBpk+9/WXWxXYSdXXdzJZU9p8oyNPAkuJhCdnSa3XmU43fZRPBJJ5w==",
      "license": "MIT",
      "peerDependencies": {
        "@capacitor/core": ">=8.0.0"
      }
    },
    "node_modules/tslib": {
      "version": "2.8.1",
      "resolved": "https://registry.npmjs.org/tslib/-/tslib-2.8.1.tgz",
      "integrity": "sha512-oJFu94HQb+KVduSUQL7wnpmqnfmLsOA/nAh6b6EH0wCEoK0/mPeXU6c3wKDV83MkOuHPRHtSXKKU99IBazS/2w==",
      "license": "0BSD"
    },
    "node_modules/typescript": {
      "version": "5.9.3",
      "resolved": "https://registry.npmjs.org/typescript/-/typescript-5.9.3.tgz",
      "integrity": "sha512-jl1vZzPDinLr9eUt3J/t7V6FgNEw9QjvBPdysz9KfQDD41fQrC2Y4vKQdiaUpFT4bXlb1RHhLpp8wtm6M5TgSw==",
      "dev": true,
      "license": "Apache-2.0",
      "bin": {
        "tsc": "bin/tsc",
        "tsserver": "bin/tsserver"
      },
      "engines": {
        "node": ">=14.17"
      }
    }
  }
}
